
Microsoft Visual Studio Solution File, Format Version 12.00
# Visual Studio Version 17
VisualStudioVersion = 17.14.37301.10 d17.14
MinimumVisualStudioVersion = 10.0.40219.1
Project("{FAE04EC0-301F-11D3-BF4B-00C04F79EFBC}") = "CalculatingMachine", "CalculatingMachine\CalculatingMachine.csproj", "{77FD6ACF-AB71-4187-BD67-BE746670F858}"
EndProject
Global
	GlobalSection(SolutionConfigurationPlatforms) = preSolution
		Debug|Any CPU = Debug|Any CPU
		Release|Any CPU = Release|Any CPU
	EndGlobalSection
	GlobalSection(ProjectConfigurationPlatforms) = postSolution
		{77FD6ACF-AB71-4187-BD67-BE746670F858}.Debug|Any CPU.ActiveCfg = Debug|Any CPU
		{77FD6ACF-AB71-4187-BD67-BE746670F858}.Debug|Any CPU.Build.0 = Debug|Any CPU
		{77FD6ACF-AB71-4187-BD67-BE746670F858}.Release|Any CPU.ActiveCfg = Release|Any CPU
		{77FD6ACF-AB71-4187-BD67-BE746670F858}.Release|Any CPU.Build.0 = Release|Any CPU
	EndGlobalSection
	GlobalSection(SolutionProperties) = preSolution
		HideSolutionNode = FALSE
	EndGlobalSection
	GlobalSection(ExtensibilityGlobals) = postSolution
		SolutionGuid = {B4726086-1D0C-4D48-932F-665EEED9293C}
	EndGlobalSection
EndGlobal
